# @generated by Move, please check-in and do not edit manually.

[move]
version = 0

dependencies = [
  { name = "Kiosk" },
  { name = "Launchpad" },
  { name = "NftProtocol" },
  { name = "Permissions" },
  { name = "Request" },
  { name = "Sui" },
]

dev-dependencies = [
  { name = "Utils" },
]

[[move.package]]
name = "Allowlist"
source = { git = "https://github.com/Origin-Byte/nft-protocol", rev = "afbf93bcd3146b4ede813fd8f89575f308be829f", subdir = "contracts/allowlist" }

dependencies = [
  { name = "Permissions" },
  { name = "Sui" },
]

[[move.package]]
name = "Authlist"
source = { git = "https://github.com/Origin-Byte/nft-protocol", rev = "afbf93bcd3146b4ede813fd8f89575f308be829f", subdir = "contracts/authlist" }

dependencies = [
  { name = "Permissions" },
  { name = "Sui" },
]

[[move.package]]
name = "Kiosk"
source = { git = "https://github.com/Origin-Byte/nft-protocol", rev = "afbf93bcd3146b4ede813fd8f89575f308be829f", subdir = "contracts/kiosk" }

dependencies = [
  { name = "Permissions" },
  { name = "Request" },
  { name = "Sui" },
]

[[move.package]]
name = "Launchpad"
source = { git = "https://github.com/Origin-Byte/nft-protocol", rev = "afbf93bcd3146b4ede813fd8f89575f308be829f", subdir = "contracts/launchpad" }

dependencies = [
  { name = "Kiosk" },
  { name = "Originmate" },
  { name = "Pseudorandom" },
  { name = "Sui" },
  { name = "Utils" },
]

[[move.package]]
name = "LiquidityLayer"
source = { git = "https://github.com/Origin-Byte/nft-protocol", rev = "afbf93bcd3146b4ede813fd8f89575f308be829f", subdir = "contracts/liquidity_layer" }

dependencies = [
  { name = "Allowlist" },
  { name = "Authlist" },
  { name = "Kiosk" },
  { name = "Permissions" },
  { name = "Request" },
  { name = "Sui" },
  { name = "Utils" },
]

[[move.package]]
name = "MoveStdlib"
source = { git = "https://github.com/MystenLabs/sui.git", rev = "38c31cdd0f2ae3963d1e06f00c766cd7f90a7be6", subdir = "crates/sui-framework/packages/move-stdlib" }

[[move.package]]
name = "NftProtocol"
source = { git = "https://github.com/Origin-Byte/nft-protocol", rev = "afbf93bcd3146b4ede813fd8f89575f308be829f", subdir = "contracts/nft_protocol" }

dependencies = [
  { name = "Allowlist" },
  { name = "Authlist" },
  { name = "Kiosk" },
  { name = "LiquidityLayer" },
  { name = "Originmate" },
  { name = "Permissions" },
  { name = "Pseudorandom" },
  { name = "Request" },
  { name = "Sui" },
  { name = "Utils" },
]

[[move.package]]
name = "Originmate"
source = { git = "https://github.com/Origin-Byte/originmate.git", rev = "3d39cbc93848ee940fda6a32df614c78e393150e", subdir = "" }

dependencies = [
  { name = "Sui" },
]

[[move.package]]
name = "Permissions"
source = { git = "https://github.com/Origin-Byte/nft-protocol", rev = "afbf93bcd3146b4ede813fd8f89575f308be829f", subdir = "contracts/permissions" }

dependencies = [
  { name = "Sui" },
  { name = "Utils" },
]

[[move.package]]
name = "Pseudorandom"
source = { git = "https://github.com/Origin-Byte/nft-protocol", rev = "afbf93bcd3146b4ede813fd8f89575f308be829f", subdir = "contracts/pseudorandom" }

dependencies = [
  { name = "Sui" },
]

[[move.package]]
name = "Request"
source = { git = "https://github.com/Origin-Byte/nft-protocol", rev = "afbf93bcd3146b4ede813fd8f89575f308be829f", subdir = "contracts/request" }

dependencies = [
  { name = "Permissions" },
  { name = "Sui" },
]

[[move.package]]
name = "Sui"
source = { git = "https://github.com/MystenLabs/sui.git", rev = "38c31cdd0f2ae3963d1e06f00c766cd7f90a7be6", subdir = "crates/sui-framework/packages/sui-framework" }

dependencies = [
  { name = "MoveStdlib" },
]

[[move.package]]
name = "Utils"
source = { git = "https://github.com/Origin-Byte/nft-protocol", rev = "afbf93bcd3146b4ede813fd8f89575f308be829f", subdir = "contracts/utils" }

dependencies = [
  { name = "Pseudorandom" },
  { name = "Sui" },
]
